
Microsoft Visual Studio Solution File, Format Version 12.00
# Visual Studio Version 16
VisualStudioVersion = 16.0.29806.167
MinimumVisualStudioVersion = 10.0.40219.1
Project("{FAE04EC0-301F-11D3-BF4B-00C04F79EFBC}") = "C_Sharp_2_Project", "C_Sharp_2_Project\C_Sharp_2_Project.csproj", "{E1C080B3-57D3-4780-9F08-D53C78E157B4}"
EndProject
Global
	GlobalSection(SolutionConfigurationPlatforms) = preSolution
		Debug|Any CPU = Debug|Any CPU
		Release|Any CPU = Release|Any CPU
	EndGlobalSection
	GlobalSection(ProjectConfigurationPlatforms) = postSolution
		{E1C080B3-57D3-4780-9F08-D53C78E157B4}.Debug|Any CPU.ActiveCfg = Debug|Any CPU
		{E1C080B3-57D3-4780-9F08-D53C78E157B4}.Debug|Any CPU.Build.0 = Debug|Any CPU
		{E1C080B3-57D3-4780-9F08-D53C78E157B4}.Release|Any CPU.ActiveCfg = Release|Any CPU
		{E1C080B3-57D3-4780-9F08-D53C78E157B4}.Release|Any CPU.Build.0 = Release|Any CPU
	EndGlobalSection
	GlobalSection(SolutionProperties) = preSolution
		HideSolutionNode = FALSE
	EndGlobalSection
	GlobalSection(ExtensibilityGlobals) = postSolution
		SolutionGuid = {F1FEF180-CAB6-4F01-8459-994D88D3C2B9}
	EndGlobalSection
EndGlobal
